
Microsoft Visual Studio Solution File, Format Version 12.00
# Visual Studio 2013
VisualStudioVersion = 12.0.30723.0
MinimumVisualStudioVersion = 10.0.40219.1
Project("{F184B08F-C81C-45F6-A57F-5ABD9991F28F}") = "ConsoleApplication2", "ConsoleApplication2\ConsoleApplication2.vbproj", "{7C37196F-1C85-4538-AE50-0301A6676F09}"
EndProject
Global
	GlobalSection(SolutionConfigurationPlatforms) = preSolution
		Debug|Any CPU = Debug|Any CPU
		Release|Any CPU = Release|Any CPU
	EndGlobalSection
	GlobalSection(ProjectConfigurationPlatforms) = postSolution
		{7C37196F-1C85-4538-AE50-0301A6676F09}.Debug|Any CPU.ActiveCfg = Debug|Any CPU
		{7C37196F-1C85-4538-AE50-0301A6676F09}.Debug|Any CPU.Build.0 = Debug|Any CPU
		{7C37196F-1C85-4538-AE50-0301A6676F09}.Release|Any CPU.ActiveCfg = Release|Any CPU
		{7C37196F-1C85-4538-AE50-0301A6676F09}.Release|Any CPU.Build.0 = Release|Any CPU
	EndGlobalSection
	GlobalSection(SolutionProperties) = preSolution
		HideSolutionNode = FALSE
	EndGlobalSection
EndGlobal
